
Microsoft Visual Studio Solution File, Format Version 12.00
# Visual Studio Version 17
VisualStudioVersion = 17.0.31903.59
MinimumVisualStudioVersion = 10.0.40219.1
Project("{2150E333-8FDC-42A3-9474-1A3956D46DE8}") = "src", "src", "{827E0CD3-B72D-47B6-A68D-7590B98EB39B}"
EndProject
Project("{2150E333-8FDC-42A3-9474-1A3956D46DE8}") = "Core", "Core", "{8D626EA8-CB54-BC41-363A-217881BEBA6E}"
EndProject
Project("{FAE04EC0-301F-11D3-BF4B-00C04F79EFBC}") = "SessionSentinel.Domain", "src\Core\SessionSentinel.Domain\SessionSentinel.Domain.csproj", "{AA02CADF-AC42-4F66-AC5F-67FAE4385C06}"
EndProject
Project("{FAE04EC0-301F-11D3-BF4B-00C04F79EFBC}") = "SessionSentinel.Application", "src\Core\SessionSentinel.Application\SessionSentinel.Application.csproj", "{80994CB6-6AB8-4DCF-94FC-9E420DD976C6}"
EndProject
Project("{FAE04EC0-301F-11D3-BF4B-00C04F79EFBC}") = "SessionSentinel.Persistence", "src\Infrastructure\SessionSentinel.Persistence\SessionSentinel.Persistence.csproj", "{88EE9979-84F0-410E-ACEE-D349B26DC1DF}"
EndProject
Project("{FAE04EC0-301F-11D3-BF4B-00C04F79EFBC}") = "SessionSentinel.Infrastructure", "src\Infrastructure\SessionSentinel.Infrastructure\SessionSentinel.Infrastructure.csproj", "{43A019BA-9EC0-4692-B560-28C77186EE67}"
EndProject
Project("{FAE04EC0-301F-11D3-BF4B-00C04F79EFBC}") = "SessionSentinel.WebApi", "src\Presentation\SessionSentinel.WebApi\SessionSentinel.WebApi.csproj", "{BBD72284-230F-461D-BEB7-139CFCBF0442}"
EndProject
Project("{FAE04EC0-301F-11D3-BF4B-00C04F79EFBC}") = "SessionSentinel.Domain.Tests", "tests\SessionSentinel.Domain.Tests\SessionSentinel.Domain.Tests.csproj", "{EE4AFF66-1A49-4126-8C8E-D9A835D8669F}"
EndProject
Project("{FAE04EC0-301F-11D3-BF4B-00C04F79EFBC}") = "SessionSentinel.Application.Tests", "tests\SessionSentinel.Application.Tests\SessionSentinel.Application.Tests.csproj", "{8C52F597-C013-424A-9A4E-D287B1CC89AD}"
EndProject
Project("{FAE04EC0-301F-11D3-BF4B-00C04F79EFBC}") = "SessionSentinel.Infrastructure.Tests", "tests\SessionSentinel.Infrastructure.Tests\SessionSentinel.Infrastructure.Tests.csproj", "{2DC05E3A-D1AC-4105-B264-087A28DA63A5}"
EndProject
Project("{FAE04EC0-301F-11D3-BF4B-00C04F79EFBC}") = "SessionSentinel.WebApi.Tests", "tests\SessionSentinel.WebApi.Tests\SessionSentinel.WebApi.Tests.csproj", "{F053C1B2-3E81-40BD-85C3-DE8182B8D5A6}"
EndProject
Project("{FAE04EC0-301F-11D3-BF4B-00C04F79EFBC}") = "SessionSentinel.SampleHost", "samples\SessionSentinel.SampleHost\SessionSentinel.SampleHost.csproj", "{8A4AF6D0-1A0F-4CB0-B72A-E4B1D3996D5E}"
EndProject
Global
	GlobalSection(SolutionConfigurationPlatforms) = preSolution
		Debug|Any CPU = Debug|Any CPU
		Debug|x64 = Debug|x64
		Debug|x86 = Debug|x86
		Release|Any CPU = Release|Any CPU
		Release|x64 = Release|x64
		Release|x86 = Release|x86
	EndGlobalSection
	GlobalSection(ProjectConfigurationPlatforms) = postSolution
		{AA02CADF-AC42-4F66-AC5F-67FAE4385C06}.Debug|Any CPU.ActiveCfg = Debug|Any CPU
		{AA02CADF-AC42-4F66-AC5F-67FAE4385C06}.Debug|Any CPU.Build.0 = Debug|Any CPU
		{AA02CADF-AC42-4F66-AC5F-67FAE4385C06}.Debug|x64.ActiveCfg = Debug|Any CPU
		{AA02CADF-AC42-4F66-AC5F-67FAE4385C06}.Debug|x64.Build.0 = Debug|Any CPU
		{AA02CADF-AC42-4F66-AC5F-67FAE4385C06}.Debug|x86.ActiveCfg = Debug|Any CPU
		{AA02CADF-AC42-4F66-AC5F-67FAE4385C06}.Debug|x86.Build.0 = Debug|Any CPU
		{AA02CADF-AC42-4F66-AC5F-67FAE4385C06}.Release|Any CPU.ActiveCfg = Release|Any CPU
		{AA02CADF-AC42-4F66-AC5F-67FAE4385C06}.Release|Any CPU.Build.0 = Release|Any CPU
		{AA02CADF-AC42-4F66-AC5F-67FAE4385C06}.Release|x64.ActiveCfg = Release|Any CPU
		{AA02CADF-AC42-4F66-AC5F-67FAE4385C06}.Release|x64.Build.0 = Release|Any CPU
		{AA02CADF-AC42-4F66-AC5F-67FAE4385C06}.Release|x86.ActiveCfg = Release|Any CPU
		{AA02CADF-AC42-4F66-AC5F-67FAE4385C06}.Release|x86.Build.0 = Release|Any CPU
		{80994CB6-6AB8-4DCF-94FC-9E420DD976C6}.Debug|Any CPU.ActiveCfg = Debug|Any CPU
		{80994CB6-6AB8-4DCF-94FC-9E420DD976C6}.Debug|Any CPU.Build.0 = Debug|Any CPU
		{80994CB6-6AB8-4DCF-94FC-9E420DD976C6}.Debug|x64.ActiveCfg = Debug|Any CPU
		{80994CB6-6AB8-4DCF-94FC-9E420DD976C6}.Debug|x64.Build.0 = Debug|Any CPU
		{80994CB6-6AB8-4DCF-94FC-9E420DD976C6}.Debug|x86.ActiveCfg = Debug|Any CPU
		{80994CB6-6AB8-4DCF-94FC-9E420DD976C6}.Debug|x86.Build.0 = Debug|Any CPU
		{80994CB6-6AB8-4DCF-94FC-9E420DD976C6}.Release|Any CPU.ActiveCfg = Release|Any CPU
		{80994CB6-6AB8-4DCF-94FC-9E420DD976C6}.Release|Any CPU.Build.0 = Release|Any CPU
		{80994CB6-6AB8-4DCF-94FC-9E420DD976C6}.Release|x64.ActiveCfg = Release|Any CPU
		{80994CB6-6AB8-4DCF-94FC-9E420DD976C6}.Release|x64.Build.0 = Release|Any CPU
		{80994CB6-6AB8-4DCF-94FC-9E420DD976C6}.Release|x86.ActiveCfg = Release|Any CPU
		{80994CB6-6AB8-4DCF-94FC-9E420DD976C6}.Release|x86.Build.0 = Release|Any CPU
		{88EE9979-84F0-410E-ACEE-D349B26DC1DF}.Debug|Any CPU.ActiveCfg = Debug|Any CPU
		{88EE9979-84F0-410E-ACEE-D349B26DC1DF}.Debug|Any CPU.Build.0 = Debug|Any CPU
		{88EE9979-84F0-410E-ACEE-D349B26DC1DF}.Debug|x64.ActiveCfg = Debug|Any CPU
		{88EE9979-84F0-410E-ACEE-D349B26DC1DF}.Debug|x64.Build.0 = Debug|Any CPU
		{88EE9979-84F0-410E-ACEE-D349B26DC1DF}.Debug|x86.ActiveCfg = Debug|Any CPU
		{88EE9979-84F0-410E-ACEE-D349B26DC1DF}.Debug|x86.Build.0 = Debug|Any CPU
		{88EE9979-84F0-410E-ACEE-D349B26DC1DF}.Release|Any CPU.ActiveCfg = Release|Any CPU
		{88EE9979-84F0-410E-ACEE-D349B26DC1DF}.Release|Any CPU.Build.0 = Release|Any CPU
		{88EE9979-84F0-410E-ACEE-D349B26DC1DF}.Release|x64.ActiveCfg = Release|Any CPU
		{88EE9979-84F0-410E-ACEE-D349B26DC1DF}.Release|x64.Build.0 = Release|Any CPU
		{88EE9979-84F0-410E-ACEE-D349B26DC1DF}.Release|x86.ActiveCfg = Release|Any CPU
		{88EE9979-84F0-410E-ACEE-D349B26DC1DF}.Release|x86.Build.0 = Release|Any CPU
		{43A019BA-9EC0-4692-B560-28C77186EE67}.Debug|Any CPU.ActiveCfg = Debug|Any CPU
		{43A019BA-9EC0-4692-B560-28C77186EE67}.Debug|Any CPU.Build.0 = Debug|Any CPU
		{43A019BA-9EC0-4692-B560-28C77186EE67}.Debug|x64.ActiveCfg = Debug|Any CPU
		{43A019BA-9EC0-4692-B560-28C77186EE67}.Debug|x64.Build.0 = Debug|Any CPU
		{43A019BA-9EC0-4692-B560-28C77186EE67}.Debug|x86.ActiveCfg = Debug|Any CPU
		{43A019BA-9EC0-4692-B560-28C77186EE67}.Debug|x86.Build.0 = Debug|Any CPU
		{43A019BA-9EC0-4692-B560-28C77186EE67}.Release|Any CPU.ActiveCfg = Release|Any CPU
		{43A019BA-9EC0-4692-B560-28C77186EE67}.Release|Any CPU.Build.0 = Release|Any CPU
		{43A019BA-9EC0-4692-B560-28C77186EE67}.Release|x64.ActiveCfg = Release|Any CPU
		{43A019BA-9EC0-4692-B560-28C77186EE67}.Release|x64.Build.0 = Release|Any CPU
		{43A019BA-9EC0-4692-B560-28C77186EE67}.Release|x86.ActiveCfg = Release|Any CPU
		{43A019BA-9EC0-4692-B560-28C77186EE67}.Release|x86.Build.0 = Release|Any CPU
		{BBD72284-230F-461D-BEB7-139CFCBF0442}.Debug|Any CPU.ActiveCfg = Debug|Any CPU
		{BBD72284-230F-461D-BEB7-139CFCBF0442}.Debug|Any CPU.Build.0 = Debug|Any CPU
		{BBD72284-230F-461D-BEB7-139CFCBF0442}.Debug|x64.ActiveCfg = Debug|Any CPU
		{BBD72284-230F-461D-BEB7-139CFCBF0442}.Debug|x64.Build.0 = Debug|Any CPU
		{BBD72284-230F-461D-BEB7-139CFCBF0442}.Debug|x86.ActiveCfg = Debug|Any CPU
		{BBD72284-230F-461D-BEB7-139CFCBF0442}.Debug|x86.Build.0 = Debug|Any CPU
		{BBD72284-230F-461D-BEB7-139CFCBF0442}.Release|Any CPU.ActiveCfg = Release|Any CPU
		{BBD72284-230F-461D-BEB7-139CFCBF0442}.Release|Any CPU.Build.0 = Release|Any CPU
		{BBD72284-230F-461D-BEB7-139CFCBF0442}.Release|x64.ActiveCfg = Release|Any CPU
		{BBD72284-230F-461D-BEB7-139CFCBF0442}.Release|x64.Build.0 = Release|Any CPU
		{BBD72284-230F-461D-BEB7-139CFCBF0442}.Release|x86.ActiveCfg = Release|Any CPU
		{BBD72284-230F-461D-BEB7-139CFCBF0442}.Release|x86.Build.0 = Release|Any CPU
		{EE4AFF66-1A49-4126-8C8E-D9A835D8669F}.Debug|Any CPU.ActiveCfg = Debug|Any CPU
		{EE4AFF66-1A49-4126-8C8E-D9A835D8669F}.Debug|Any CPU.Build.0 = Debug|Any CPU
		{EE4AFF66-1A49-4126-8C8E-D9A835D8669F}.Debug|x64.ActiveCfg = Debug|Any CPU
		{EE4AFF66-1A49-4126-8C8E-D9A835D8669F}.Debug|x64.Build.0 = Debug|Any CPU
		{EE4AFF66-1A49-4126-8C8E-D9A835D8669F}.Debug|x86.ActiveCfg = Debug|Any CPU
		{EE4AFF66-1A49-4126-8C8E-D9A835D8669F}.Debug|x86.Build.0 = Debug|Any CPU
		{EE4AFF66-1A49-4126-8C8E-D9A835D8669F}.Release|Any CPU.ActiveCfg = Release|Any CPU
		{EE4AFF66-1A49-4126-8C8E-D9A835D8669F}.Release|Any CPU.Build.0 = Release|Any CPU
		{EE4AFF66-1A49-4126-8C8E-D9A835D8669F}.Release|x64.ActiveCfg = Release|Any CPU
		{EE4AFF66-1A49-4126-8C8E-D9A835D8669F}.Release|x64.Build.0 = Release|Any CPU
		{EE4AFF66-1A49-4126-8C8E-D9A835D8669F}.Release|x86.ActiveCfg = Release|Any CPU
		{EE4AFF66-1A49-4126-8C8E-D9A835D8669F}.Release|x86.Build.0 = Release|Any CPU
		{8C52F597-C013-424A-9A4E-D287B1CC89AD}.Debug|Any CPU.ActiveCfg = Debug|Any CPU
		{8C52F597-C013-424A-9A4E-D287B1CC89AD}.Debug|Any CPU.Build.0 = Debug|Any CPU
		{8C52F597-C013-424A-9A4E-D287B1CC89AD}.Debug|x64.ActiveCfg = Debug|Any CPU
		{8C52F597-C013-424A-9A4E-D287B1CC89AD}.Debug|x64.Build.0 = Debug|Any CPU
		{8C52F597-C013-424A-9A4E-D287B1CC89AD}.Debug|x86.ActiveCfg = Debug|Any CPU
		{8C52F597-C013-424A-9A4E-D287B1CC89AD}.Debug|x86.Build.0 = Debug|Any CPU
		{8C52F597-C013-424A-9A4E-D287B1CC89AD}.Release|Any CPU.ActiveCfg = Release|Any CPU
		{8C52F597-C013-424A-9A4E-D287B1CC89AD}.Release|Any CPU.Build.0 = Release|Any CPU
		{8C52F597-C013-424A-9A4E-D287B1CC89AD}.Release|x64.ActiveCfg = Release|Any CPU
		{8C52F597-C013-424A-9A4E-D287B1CC89AD}.Release|x64.Build.0 = Release|Any CPU
		{8C52F597-C013-424A-9A4E-D287B1CC89AD}.Release|x86.ActiveCfg = Release|Any CPU
		{8C52F597-C013-424A-9A4E-D287B1CC89AD}.Release|x86.Build.0 = Release|Any CPU
		{2DC05E3A-D1AC-4105-B264-087A28DA63A5}.Debug|Any CPU.ActiveCfg = Debug|Any CPU
		{2DC05E3A-D1AC-4105-B264-087A28DA63A5}.Debug|Any CPU.Build.0 = Debug|Any CPU
		{2DC05E3A-D1AC-4105-B264-087A28DA63A5}.Debug|x64.ActiveCfg = Debug|Any CPU
		{2DC05E3A-D1AC-4105-B264-087A28DA63A5}.Debug|x64.Build.0 = Debug|Any CPU
		{2DC05E3A-D1AC-4105-B264-087A28DA63A5}.Debug|x86.ActiveCfg = Debug|Any CPU
		{2DC05E3A-D1AC-4105-B264-087A28DA63A5}.Debug|x86.Build.0 = Debug|Any CPU
		{2DC05E3A-D1AC-4105-B264-087A28DA63A5}.Release|Any CPU.ActiveCfg = Release|Any CPU
		{2DC05E3A-D1AC-4105-B264-087A28DA63A5}.Release|Any CPU.Build.0 = Release|Any CPU
		{2DC05E3A-D1AC-4105-B264-087A28DA63A5}.Release|x64.ActiveCfg = Release|Any CPU
		{2DC05E3A-D1AC-4105-B264-087A28DA63A5}.Release|x64.Build.0 = Release|Any CPU
		{2DC05E3A-D1AC-4105-B264-087A28DA63A5}.Release|x86.ActiveCfg = Release|Any CPU
		{2DC05E3A-D1AC-4105-B264-087A28DA63A5}.Release|x86.Build.0 = Release|Any CPU
		{F053C1B2-3E81-40BD-85C3-DE8182B8D5A6}.Debug|Any CPU.ActiveCfg = Debug|Any CPU
		{F053C1B2-3E81-40BD-85C3-DE8182B8D5A6}.Debug|Any CPU.Build.0 = Debug|Any CPU
		{F053C1B2-3E81-40BD-85C3-DE8182B8D5A6}.Debug|x64.ActiveCfg = Debug|Any CPU
		{F053C1B2-3E81-40BD-85C3-DE8182B8D5A6}.Debug|x64.Build.0 = Debug|Any CPU
		{F053C1B2-3E81-40BD-85C3-DE8182B8D5A6}.Debug|x86.ActiveCfg = Debug|Any CPU
		{F053C1B2-3E81-40BD-85C3-DE8182B8D5A6}.Debug|x86.Build.0 = Debug|Any CPU
		{F053C1B2-3E81-40BD-85C3-DE8182B8D5A6}.Release|Any CPU.ActiveCfg = Release|Any CPU
		{F053C1B2-3E81-40BD-85C3-DE8182B8D5A6}.Release|Any CPU.Build.0 = Release|Any CPU
		{F053C1B2-3E81-40BD-85C3-DE8182B8D5A6}.Release|x64.ActiveCfg = Release|Any CPU
		{F053C1B2-3E81-40BD-85C3-DE8182B8D5A6}.Release|x64.Build.0 = Release|Any CPU
		{F053C1B2-3E81-40BD-85C3-DE8182B8D5A6}.Release|x86.ActiveCfg = Release|Any CPU
		{F053C1B2-3E81-40BD-85C3-DE8182B8D5A6}.Release|x86.Build.0 = Release|Any CPU
		{8A4AF6D0-1A0F-4CB0-B72A-E4B1D3996D5E}.Debug|Any CPU.ActiveCfg = Debug|Any CPU
		{8A4AF6D0-1A0F-4CB0-B72A-E4B1D3996D5E}.Debug|Any CPU.Build.0 = Debug|Any CPU
		{8A4AF6D0-1A0F-4CB0-B72A-E4B1D3996D5E}.Debug|x64.ActiveCfg = Debug|Any CPU
		{8A4AF6D0-1A0F-4CB0-B72A-E4B1D3996D5E}.Debug|x64.Build.0 = Debug|Any CPU
		{8A4AF6D0-1A0F-4CB0-B72A-E4B1D3996D5E}.Debug|x86.ActiveCfg = Debug|Any CPU
		{8A4AF6D0-1A0F-4CB0-B72A-E4B1D3996D5E}.Debug|x86.Build.0 = Debug|Any CPU
		{8A4AF6D0-1A0F-4CB0-B72A-E4B1D3996D5E}.Release|Any CPU.ActiveCfg = Release|Any CPU
		{8A4AF6D0-1A0F-4CB0-B72A-E4B1D3996D5E}.Release|Any CPU.Build.0 = Release|Any CPU
		{8A4AF6D0-1A0F-4CB0-B72A-E4B1D3996D5E}.Release|x64.ActiveCfg = Release|Any CPU
		{8A4AF6D0-1A0F-4CB0-B72A-E4B1D3996D5E}.Release|x64.Build.0 = Release|Any CPU
		{8A4AF6D0-1A0F-4CB0-B72A-E4B1D3996D5E}.Release|x86.ActiveCfg = Release|Any CPU
		{8A4AF6D0-1A0F-4CB0-B72A-E4B1D3996D5E}.Release|x86.Build.0 = Release|Any CPU
	EndGlobalSection
	GlobalSection(SolutionProperties) = preSolution
		HideSolutionNode = FALSE
	EndGlobalSection
	GlobalSection(NestedProjects) = preSolution
		{8D626EA8-CB54-BC41-363A-217881BEBA6E} = {827E0CD3-B72D-47B6-A68D-7590B98EB39B}
		{AA02CADF-AC42-4F66-AC5F-67FAE4385C06} = {8D626EA8-CB54-BC41-363A-217881BEBA6E}
		{80994CB6-6AB8-4DCF-94FC-9E420DD976C6} = {8D626EA8-CB54-BC41-363A-217881BEBA6E}
		{88EE9979-84F0-410E-ACEE-D349B26DC1DF} = {8D626EA8-CB54-BC41-363A-217881BEBA6E}
		{43A019BA-9EC0-4692-B560-28C77186EE67} = {8D626EA8-CB54-BC41-363A-217881BEBA6E}
		{BBD72284-230F-461D-BEB7-139CFCBF0442} = {8D626EA8-CB54-BC41-363A-217881BEBA6E}
		{EE4AFF66-1A49-4126-8C8E-D9A835D8669F} = {8D626EA8-CB54-BC41-363A-217881BEBA6E}
		{8C52F597-C013-424A-9A4E-D287B1CC89AD} = {8D626EA8-CB54-BC41-363A-217881BEBA6E}
		{2DC05E3A-D1AC-4105-B264-087A28DA63A5} = {8D626EA8-CB54-BC41-363A-217881BEBA6E}
		{F053C1B2-3E81-40BD-85C3-DE8182B8D5A6} = {8D626EA8-CB54-BC41-363A-217881BEBA6E}
	EndGlobalSection
EndGlobal
